
Microsoft Visual Studio Solution File, Format Version 12.00
# Visual Studio 15
VisualStudioVersion = 15.0.27130.2027
MinimumVisualStudioVersion = 10.0.40219.1
Project("{FAE04EC0-301F-11D3-BF4B-00C04F79EFBC}") = "TheCleaner", "TheCleaner\TheCleaner.csproj", "{B40BC062-9DC1-4341-8857-CF3B5D0AE429}"
EndProject
Global
	GlobalSection(SolutionConfigurationPlatforms) = preSolution
		Debug|Any CPU = Debug|Any CPU
		Release|Any CPU = Release|Any CPU
	EndGlobalSection
	GlobalSection(ProjectConfigurationPlatforms) = postSolution
		{B40BC062-9DC1-4341-8857-CF3B5D0AE429}.Debug|Any CPU.ActiveCfg = Debug|Any CPU
		{B40BC062-9DC1-4341-8857-CF3B5D0AE429}.Debug|Any CPU.Build.0 = Debug|Any CPU
		{B40BC062-9DC1-4341-8857-CF3B5D0AE429}.Release|Any CPU.ActiveCfg = Release|Any CPU
		{B40BC062-9DC1-4341-8857-CF3B5D0AE429}.Release|Any CPU.Build.0 = Release|Any CPU
	EndGlobalSection
	GlobalSection(SolutionProperties) = preSolution
		HideSolutionNode = FALSE
	EndGlobalSection
	GlobalSection(ExtensibilityGlobals) = postSolution
		SolutionGuid = {DCA8C5F2-B0DA-4D9D-B9CE-AF71F01ACFF9}
	EndGlobalSection
EndGlobal
